
Microsoft Visual Studio Solution File, Format Version 12.00
# Visual Studio Version 17
VisualStudioVersion = 17.7.34031.279
MinimumVisualStudioVersion = 10.0.40219.1
Project("{FAE04EC0-301F-11D3-BF4B-00C04F79EFBC}") = "MedOrganizer", "MedOrganizer.csproj", "{B329C332-ADF9-4CD2-9AB8-58791E2E315D}"
EndProject
Global
	GlobalSection(SolutionConfigurationPlatforms) = preSolution
		Debug|Any CPU = Debug|Any CPU
		Release|Any CPU = Release|Any CPU
	EndGlobalSection
	GlobalSection(ProjectConfigurationPlatforms) = postSolution
		{B329C332-ADF9-4CD2-9AB8-58791E2E315D}.Debug|Any CPU.ActiveCfg = Debug|Any CPU
		{B329C332-ADF9-4CD2-9AB8-58791E2E315D}.Debug|Any CPU.Build.0 = Debug|Any CPU
		{B329C332-ADF9-4CD2-9AB8-58791E2E315D}.Release|Any CPU.ActiveCfg = Release|Any CPU
		{B329C332-ADF9-4CD2-9AB8-58791E2E315D}.Release|Any CPU.Build.0 = Release|Any CPU
	EndGlobalSection
	GlobalSection(SolutionProperties) = preSolution
		HideSolutionNode = FALSE
	EndGlobalSection
	GlobalSection(ExtensibilityGlobals) = postSolution
		SolutionGuid = {6D3E8F1F-D6A7-438C-BAD6-B35D6B7E6073}
	EndGlobalSection
EndGlobal
