
Microsoft Visual Studio Solution File, Format Version 12.00
# Visual Studio Version 16
VisualStudioVersion = 25.0.1706.4
MinimumVisualStudioVersion = 10.0.40219.1
Project("{FAE04EC0-301F-11D3-BF4B-00C04F79EFBC}") = "MedOrganizerE2", "MedOrganizerE2.csproj", "{1D30EB02-61E1-47FD-94DA-AA638AFF4E03}"
EndProject
Global
	GlobalSection(SolutionConfigurationPlatforms) = preSolution
		Debug|Any CPU = Debug|Any CPU
		Release|Any CPU = Release|Any CPU
	EndGlobalSection
	GlobalSection(ProjectConfigurationPlatforms) = postSolution
		{1D30EB02-61E1-47FD-94DA-AA638AFF4E03}.Debug|Any CPU.ActiveCfg = Debug|Any CPU
		{1D30EB02-61E1-47FD-94DA-AA638AFF4E03}.Debug|Any CPU.Build.0 = Debug|Any CPU
		{1D30EB02-61E1-47FD-94DA-AA638AFF4E03}.Release|Any CPU.ActiveCfg = Release|Any CPU
		{1D30EB02-61E1-47FD-94DA-AA638AFF4E03}.Release|Any CPU.Build.0 = Release|Any CPU
	EndGlobalSection
	GlobalSection(SolutionProperties) = preSolution
		HideSolutionNode = FALSE
	EndGlobalSection
	GlobalSection(ExtensibilityGlobals) = postSolution
		SolutionGuid = {50D0FDF6-0835-428C-A4A0-8366C34E20F5}
	EndGlobalSection
EndGlobal
